Microsoft Visual Studio Solution File, Format Version 9.00
# Visual C# Express 2005
Project("{FAE04EC0-301F-11D3-BF4B-00C04F79EFBC}") = "Test", "Test\Test.csproj", "{870B2FE3-C18D-4072-BBA8-75A639A34D18}"
EndProject
Project("{FAE04EC0-301F-11D3-BF4B-00C04F79EFBC}") = "Meta", "Meta\Meta.csproj", "{1C2D55D4-E1F8-481D-9F50-BFA5AF9B9213}"
EndProject
Global
	GlobalSection(SolutionConfigurationPlatforms) = preSolution
		Debug|Any CPU = Debug|Any CPU
		Interactive|Any CPU = Interactive|Any CPU
		Release|Any CPU = Release|Any CPU
		Test|Any CPU = Test|Any CPU
	EndGlobalSection
	GlobalSection(ProjectConfigurationPlatforms) = postSolution
		{870B2FE3-C18D-4072-BBA8-75A639A34D18}.Debug|Any CPU.ActiveCfg = Debug|Any CPU
		{870B2FE3-C18D-4072-BBA8-75A639A34D18}.Debug|Any CPU.Build.0 = Debug|Any CPU
		{870B2FE3-C18D-4072-BBA8-75A639A34D18}.Interactive|Any CPU.ActiveCfg = Release|Any CPU
		{870B2FE3-C18D-4072-BBA8-75A639A34D18}.Interactive|Any CPU.Build.0 = Release|Any CPU
		{870B2FE3-C18D-4072-BBA8-75A639A34D18}.Release|Any CPU.ActiveCfg = Release|Any CPU
		{870B2FE3-C18D-4072-BBA8-75A639A34D18}.Release|Any CPU.Build.0 = Release|Any CPU
		{870B2FE3-C18D-4072-BBA8-75A639A34D18}.Test|Any CPU.ActiveCfg = Release|Any CPU
		{870B2FE3-C18D-4072-BBA8-75A639A34D18}.Test|Any CPU.Build.0 = Release|Any CPU
		{1C2D55D4-E1F8-481D-9F50-BFA5AF9B9213}.Debug|Any CPU.ActiveCfg = Debug|Any CPU
		{1C2D55D4-E1F8-481D-9F50-BFA5AF9B9213}.Debug|Any CPU.Build.0 = Debug|Any CPU
		{1C2D55D4-E1F8-481D-9F50-BFA5AF9B9213}.Interactive|Any CPU.ActiveCfg = Release|Any CPU
		{1C2D55D4-E1F8-481D-9F50-BFA5AF9B9213}.Interactive|Any CPU.Build.0 = Release|Any CPU
		{1C2D55D4-E1F8-481D-9F50-BFA5AF9B9213}.Release|Any CPU.ActiveCfg = Release|Any CPU
		{1C2D55D4-E1F8-481D-9F50-BFA5AF9B9213}.Release|Any CPU.Build.0 = Release|Any CPU
		{1C2D55D4-E1F8-481D-9F50-BFA5AF9B9213}.Test|Any CPU.ActiveCfg = Release|Any CPU
		{1C2D55D4-E1F8-481D-9F50-BFA5AF9B9213}.Test|Any CPU.Build.0 = Release|Any CPU
	EndGlobalSection
	GlobalSection(SolutionProperties) = preSolution
		HideSolutionNode = FALSE
	EndGlobalSection
EndGlobal
